version = 1
revision = 2
requires-python = ">=3.13"

[[package]]
name = "pydori"
version = "0.1.0"
source = { virtual = "." }
dependencies = [
    { name = "sonolus-py" },
]

[package.metadata]
requires-dist = [{ name = "sonolus-py", specifier = "~=0.5.1" }]

[[package]]
name = "sonolus-py"
version = "0.5.1"
source = { registry = "https://pypi.org/simple" }
sdist = { url = "https://files.pythonhosted.org/packages/f2/c5/108e26d8883184dbc60353dcf589a7317bbd02db8c1b8a5f9fad0af5a6d2/sonolus_py-0.5.1.tar.gz", hash = "sha256:72526325532e340793e6cac1685a139c5b285a7c416be88ea24f8d46ed053cbb", size = 1411420, upload-time = "2025-08-08T06:37:13.466Z" }
wheels = [
    { url = "https://files.pythonhosted.org/packages/26/ec/0ac25f9bed918e46ed6a92184a530f9d993073571021bdc1756bf11680d8/sonolus_py-0.5.1-py3-none-any.whl", hash = "sha256:a94637446c6b869dfe99403212325911feaeade0b08073f1f7991489e2e7e451", size = 164605, upload-time = "2025-08-08T06:37:11.564Z" },
]
