version = 1
revision = 2
requires-python = ">=3.13"

[[package]]
name = "pydori"
version = "0.1.0"
source = { virtual = "." }
dependencies = [
    { name = "sonolus-py" },
]

[package.metadata]
requires-dist = [{ name = "sonolus-py", specifier = "~=0.3.3" }]

[[package]]
name = "sonolus-py"
version = "0.3.3"
source = { registry = "https://pypi.org/simple" }
sdist = { url = "https://files.pythonhosted.org/packages/63/7f/cf22b8338776e190c61d5cfdb9d09857cbb574e7cc2ae87632501c8f2a93/sonolus_py-0.3.3.tar.gz", hash = "sha256:7fd6408fc2d9ec5ace7eb28dc7440b1276745208c27404b8790ee3de0eecaeed", size = 202593, upload-time = "2025-07-14T07:57:46.441Z" }
wheels = [
    { url = "https://files.pythonhosted.org/packages/97/9f/fea40832af8c231fe31cf2ad924a863d72419bcc615f3859555017d81c86/sonolus_py-0.3.3-py3-none-any.whl", hash = "sha256:d6ba9aec51840bf92a937fd9726c505c1d574ab989d280ea0b9e3f15db908f10", size = 151375, upload-time = "2025-07-14T07:57:44.875Z" },
]
