version = 1
revision = 2
requires-python = ">=3.13"

[[package]]
name = "pydori"
version = "0.1.0"
source = { virtual = "." }
dependencies = [
    { name = "sonolus-py" },
]

[package.metadata]
requires-dist = [{ name = "sonolus-py", specifier = "~=0.5.2" }]

[[package]]
name = "sonolus-py"
version = "0.5.2"
source = { registry = "https://pypi.org/simple" }
sdist = { url = "https://files.pythonhosted.org/packages/af/e0/0539aefe6d7beeef20108ae6f268cf28c3907790fd2e2879328f35ed8411/sonolus_py-0.5.2.tar.gz", hash = "sha256:502b28c44cdff655f31ea6cc8ee84f2a7df3084d6545a2e10a92fd91d72789f3", size = 1411785, upload-time = "2025-08-09T05:10:44.242Z" }
wheels = [
    { url = "https://files.pythonhosted.org/packages/6e/77/688560a2bfa4c35a7d11b2ff57f316e9ff2240ca82883036351ddc8a5c47/sonolus_py-0.5.2-py3-none-any.whl", hash = "sha256:da0a31563304c83f11afbdadbcff9f7c5a22a31a4f7471b9017c6d1d23d0d26a", size = 164903, upload-time = "2025-08-09T05:10:42.376Z" },
]
